
Microsoft Visual Studio Solution File, Format Version 12.00
# Visual Studio Version 17
VisualStudioVersion = 17.11.35303.130
MinimumVisualStudioVersion = 10.0.40219.1
Project("{FAE04EC0-301F-11D3-BF4B-00C04F79EFBC}") = "LibraryAPI", "LibraryAPI\LibraryAPI.csproj", "{A32EA6BF-C81E-4532-AD02-80AE3C5C457C}"
EndProject
Global
	GlobalSection(SolutionConfigurationPlatforms) = preSolution
		Debug|Any CPU = Debug|Any CPU
		Release|Any CPU = Release|Any CPU
	EndGlobalSection
	GlobalSection(ProjectConfigurationPlatforms) = postSolution
		{A32EA6BF-C81E-4532-AD02-80AE3C5C457C}.Debug|Any CPU.ActiveCfg = Debug|Any CPU
		{A32EA6BF-C81E-4532-AD02-80AE3C5C457C}.Debug|Any CPU.Build.0 = Debug|Any CPU
		{A32EA6BF-C81E-4532-AD02-80AE3C5C457C}.Release|Any CPU.ActiveCfg = Release|Any CPU
		{A32EA6BF-C81E-4532-AD02-80AE3C5C457C}.Release|Any CPU.Build.0 = Release|Any CPU
	EndGlobalSection
	GlobalSection(SolutionProperties) = preSolution
		HideSolutionNode = FALSE
	EndGlobalSection
	GlobalSection(ExtensibilityGlobals) = postSolution
		SolutionGuid = {460194B2-B894-4306-B252-A2E1685D8418}
	EndGlobalSection
EndGlobal
